
Microsoft Visual Studio Solution File, Format Version 12.00
# Visual Studio Version 17
VisualStudioVersion = 17.8.34330.188
MinimumVisualStudioVersion = 10.0.40219.1
Project("{FAE04EC0-301F-11D3-BF4B-00C04F79EFBC}") = "WPFCG", "WPFCG\WPFCG.csproj", "{BCB216D7-59C7-4DC6-874C-A88C284D31F0}"
EndProject
Global
	GlobalSection(SolutionConfigurationPlatforms) = preSolution
		Debug|Any CPU = Debug|Any CPU
		Release|Any CPU = Release|Any CPU
	EndGlobalSection
	GlobalSection(ProjectConfigurationPlatforms) = postSolution
		{BCB216D7-59C7-4DC6-874C-A88C284D31F0}.Debug|Any CPU.ActiveCfg = Debug|Any CPU
		{BCB216D7-59C7-4DC6-874C-A88C284D31F0}.Debug|Any CPU.Build.0 = Debug|Any CPU
		{BCB216D7-59C7-4DC6-874C-A88C284D31F0}.Release|Any CPU.ActiveCfg = Release|Any CPU
		{BCB216D7-59C7-4DC6-874C-A88C284D31F0}.Release|Any CPU.Build.0 = Release|Any CPU
	EndGlobalSection
	GlobalSection(SolutionProperties) = preSolution
		HideSolutionNode = FALSE
	EndGlobalSection
	GlobalSection(ExtensibilityGlobals) = postSolution
		SolutionGuid = {6DF76354-BF2D-4B0F-A96F-6824843A5459}
	EndGlobalSection
EndGlobal
